// !$*UTF8*$!
{
	archiveVersion = 1;
	classes = {
	};
	objectVersion = 46;
	objects = {

/* Begin PBXBuildFile section */
		DA0E3490197547740030AB5B /* BNRDetailViewController.xib in Resources */ = {isa = PBXBuildFile; fileRef = DA0E348E197547740030AB5B /* BNRDetailViewController.xib */; };
		DA1B1359196E7012008F91EA /* BNRAssetTypeViewController.swift in Sources */ = {isa = PBXBuildFile; fileRef = DA1B1358196E7012008F91EA /* BNRAssetTypeViewController.swift */; };
		DA2E3B53195BEB0C00F70B2E /* AppDelegate.swift in Sources */ = {isa = PBXBuildFile; fileRef = DA2E3B52195BEB0C00F70B2E /* AppDelegate.swift */; };
		DA2E3B55195BEB0C00F70B2E /* Images.xcassets in Resources */ = {isa = PBXBuildFile; fileRef = DA2E3B54195BEB0C00F70B2E /* Images.xcassets */; };
		DA2E3B61195BEB0C00F70B2E /* BNRHomepwnerTests.swift in Sources */ = {isa = PBXBuildFile; fileRef = DA2E3B60195BEB0C00F70B2E /* BNRHomepwnerTests.swift */; };
		DA2E3B6E195BEC6400F70B2E /* BNRItemsViewController.swift in Sources */ = {isa = PBXBuildFile; fileRef = DA2E3B6C195BEC6400F70B2E /* BNRItemsViewController.swift */; };
		DA2E3B6F195BEC6400F70B2E /* BNRItemsViewController.xib in Resources */ = {isa = PBXBuildFile; fileRef = DA2E3B6D195BEC6400F70B2E /* BNRItemsViewController.xib */; };
		DA2E3B73195BF19D00F70B2E /* BNRItemStore.swift in Sources */ = {isa = PBXBuildFile; fileRef = DA2E3B72195BF19D00F70B2E /* BNRItemStore.swift */; };
		DA2E3B7A195C2AD900F70B2E /* Background@2x.png in Resources */ = {isa = PBXBuildFile; fileRef = DA2E3B78195C2AD900F70B2E /* Background@2x.png */; };
		DA2E3B7B195C2AD900F70B2E /* Background.png in Resources */ = {isa = PBXBuildFile; fileRef = DA2E3B79195C2AD900F70B2E /* Background.png */; };
		DA38B7C2196D377C00347764 /* BNRItem.swift in Sources */ = {isa = PBXBuildFile; fileRef = DA38B7C1196D377C00347764 /* BNRItem.swift */; };
		DA4E5615196D28FB00ABF439 /* BNRImageTransformer.swift in Sources */ = {isa = PBXBuildFile; fileRef = DA4E5614196D28FB00ABF439 /* BNRImageTransformer.swift */; };
		DA6E2D941979805100726731 /* Settings.bundle in Resources */ = {isa = PBXBuildFile; fileRef = DA6E2D931979805100726731 /* Settings.bundle */; };
		DA88882B19612BC600CC76EA /* BNRImageStore.swift in Sources */ = {isa = PBXBuildFile; fileRef = DA88882A19612BC600CC76EA /* BNRImageStore.swift */; };
		DAB07D811966AF13003D1FEE /* BNRPopoverBackgroundView.swift in Sources */ = {isa = PBXBuildFile; fileRef = DAB07D801966AF13003D1FEE /* BNRPopoverBackgroundView.swift */; };
		DAC883D0195EC8A80089FB07 /* BNRDetailViewController.swift in Sources */ = {isa = PBXBuildFile; fileRef = DAC883CE195EC8A80089FB07 /* BNRDetailViewController.swift */; };
		DAC883D4195EF74B0089FB07 /* DatePickerViewController.swift in Sources */ = {isa = PBXBuildFile; fileRef = DAC883D2195EF74B0089FB07 /* DatePickerViewController.swift */; };
		DAC883D5195EF74B0089FB07 /* DatePickerViewController.xib in Resources */ = {isa = PBXBuildFile; fileRef = DAC883D3195EF74B0089FB07 /* DatePickerViewController.xib */; };
		DAE041891974D91A0082F7B7 /* BNRItemCell.xib in Resources */ = {isa = PBXBuildFile; fileRef = DAE041881974D91A0082F7B7 /* BNRItemCell.xib */; };
		DAE276C3196D26BE007792A6 /* Homepwner.xcdatamodeld in Sources */ = {isa = PBXBuildFile; fileRef = DAE276C1196D26BE007792A6 /* Homepwner.xcdatamodeld */; };
		DAE3B60F19757B5C0040A799 /* Localizable.strings in Resources */ = {isa = PBXBuildFile; fileRef = DAE3B60D19757B5C0040A799 /* Localizable.strings */; };
		DAE4FCDB196A9A26007D683E /* BNRItemCell.swift in Sources */ = {isa = PBXBuildFile; fileRef = DAE4FCD9196A9A26007D683E /* BNRItemCell.swift */; };
		DAE4FCDE196ABC38007D683E /* BNRImageViewController.swift in Sources */ = {isa = PBXBuildFile; fileRef = DAE4FCDD196ABC38007D683E /* BNRImageViewController.swift */; };
/* End PBXBuildFile section */

/* Begin PBXContainerItemProxy section */
		DA2E3B5B195BEB0C00F70B2E /* PBXContainerItemProxy */ = {
			isa = PBXContainerItemProxy;
			containerPortal = DA2E3B45195BEB0C00F70B2E /* Project object */;
			proxyType = 1;
			remoteGlobalIDString = DA2E3B4C195BEB0C00F70B2E;
			remoteInfo = BNRHomepwner;
		};
/* End PBXContainerItemProxy section */

/* Begin PBXFileReference section */
		DA1B1358196E7012008F91EA /* BNRAssetTypeViewController.swift */ = {isa = PBXFileReference; fileEncoding = 4; lastKnownFileType = sourcecode.swift; path = BNRAssetTypeViewController.swift; sourceTree = "<group>"; };
		DA2E3B4D195BEB0C00F70B2E /* BNRHomepwner.app */ = {isa = PBXFileReference; explicitFileType = wrapper.application; includeInIndex = 0; path = BNRHomepwner.app; sourceTree = BUILT_PRODUCTS_DIR; };
		DA2E3B51195BEB0C00F70B2E /* Info.plist */ = {isa = PBXFileReference; lastKnownFileType = text.plist.xml; path = Info.plist; sourceTree = "<group>"; };
		DA2E3B52195BEB0C00F70B2E /* AppDelegate.swift */ = {isa = PBXFileReference; lastKnownFileType = sourcecode.swift; path = AppDelegate.swift; sourceTree = "<group>"; };
		DA2E3B54195BEB0C00F70B2E /* Images.xcassets */ = {isa = PBXFileReference; lastKnownFileType = folder.assetcatalog; path = Images.xcassets; sourceTree = "<group>"; };
		DA2E3B5A195BEB0C00F70B2E /* BNRHomepwnerTests.xctest */ = {isa = PBXFileReference; explicitFileType = wrapper.cfbundle; includeInIndex = 0; path = BNRHomepwnerTests.xctest; sourceTree = BUILT_PRODUCTS_DIR; };
		DA2E3B5F195BEB0C00F70B2E /* Info.plist */ = {isa = PBXFileReference; lastKnownFileType = text.plist.xml; path = Info.plist; sourceTree = "<group>"; };
		DA2E3B60195BEB0C00F70B2E /* BNRHomepwnerTests.swift */ = {isa = PBXFileReference; lastKnownFileType = sourcecode.swift; path = BNRHomepwnerTests.swift; sourceTree = "<group>"; };
		DA2E3B6C195BEC6400F70B2E /* BNRItemsViewController.swift */ = {isa = PBXFileReference; fileEncoding = 4; lastKnownFileType = sourcecode.swift; path = BNRItemsViewController.swift; sourceTree = "<group>"; };
		DA2E3B6D195BEC6400F70B2E /* BNRItemsViewController.xib */ = {isa = PBXFileReference; fileEncoding = 4; lastKnownFileType = file.xib; path = BNRItemsViewController.xib; sourceTree = "<group>"; };
		DA2E3B72195BF19D00F70B2E /* BNRItemStore.swift */ = {isa = PBXFileReference; fileEncoding = 4; lastKnownFileType = sourcecode.swift; path = BNRItemStore.swift; sourceTree = "<group>"; };
		DA2E3B78195C2AD900F70B2E /* Background@2x.png */ = {isa = PBXFileReference; lastKnownFileType = image.png; path = "Background@2x.png"; sourceTree = "<group>"; };
		DA2E3B79195C2AD900F70B2E /* Background.png */ = {isa = PBXFileReference; lastKnownFileType = image.png; path = Background.png; sourceTree = "<group>"; };
		DA38B7C0196D377B00347764 /* BNRHomepwner-Bridging-Header.h */ = {isa = PBXFileReference; lastKnownFileType = sourcecode.c.h; path = "BNRHomepwner-Bridging-Header.h"; sourceTree = SOURCE_ROOT; };
		DA38B7C1196D377C00347764 /* BNRItem.swift */ = {isa = PBXFileReference; fileEncoding = 4; lastKnownFileType = sourcecode.swift; path = BNRItem.swift; sourceTree = "<group>"; };
		DA4E5614196D28FB00ABF439 /* BNRImageTransformer.swift */ = {isa = PBXFileReference; fileEncoding = 4; lastKnownFileType = sourcecode.swift; path = BNRImageTransformer.swift; sourceTree = "<group>"; };
		DA6E2D931979805100726731 /* Settings.bundle */ = {isa = PBXFileReference; lastKnownFileType = "wrapper.plug-in"; path = Settings.bundle; sourceTree = "<group>"; };
		DA88882A19612BC600CC76EA /* BNRImageStore.swift */ = {isa = PBXFileReference; fileEncoding = 4; lastKnownFileType = sourcecode.swift; path = BNRImageStore.swift; sourceTree = "<group>"; };
		DAB07D801966AF13003D1FEE /* BNRPopoverBackgroundView.swift */ = {isa = PBXFileReference; fileEncoding = 4; lastKnownFileType = sourcecode.swift; path = BNRPopoverBackgroundView.swift; sourceTree = "<group>"; };
		DAC08AAC1975860300C9A515 /* es */ = {isa = PBXFileReference; lastKnownFileType = file.xib; name = es; path = es.lproj/BNRDetailViewController.xib; sourceTree = "<group>"; };
		DAC08AAD1975860300C9A515 /* en */ = {isa = PBXFileReference; lastKnownFileType = file.xib; name = en; path = en.lproj/BNRDetailViewController.xib; sourceTree = "<group>"; };
		DAC883CE195EC8A80089FB07 /* BNRDetailViewController.swift */ = {isa = PBXFileReference; fileEncoding = 4; lastKnownFileType = sourcecode.swift; path = BNRDetailViewController.swift; sourceTree = "<group>"; };
		DAC883D2195EF74B0089FB07 /* DatePickerViewController.swift */ = {isa = PBXFileReference; fileEncoding = 4; lastKnownFileType = sourcecode.swift; path = DatePickerViewController.swift; sourceTree = "<group>"; };
		DAC883D3195EF74B0089FB07 /* DatePickerViewController.xib */ = {isa = PBXFileReference; fileEncoding = 4; lastKnownFileType = file.xib; path = DatePickerViewController.xib; sourceTree = "<group>"; };
		DAE041881974D91A0082F7B7 /* BNRItemCell.xib */ = {isa = PBXFileReference; fileEncoding = 4; lastKnownFileType = file.xib; path = BNRItemCell.xib; sourceTree = "<group>"; };
		DAE276C2196D26BE007792A6 /* Homepwner.xcdatamodel */ = {isa = PBXFileReference; lastKnownFileType = wrapper.xcdatamodel; path = Homepwner.xcdatamodel; sourceTree = "<group>"; };
		DAE3B60E19757B5C0040A799 /* Base */ = {isa = PBXFileReference; lastKnownFileType = text.plist.strings; name = Base; path = Base.lproj/Localizable.strings; sourceTree = "<group>"; };
		DAE3B61319757C600040A799 /* es */ = {isa = PBXFileReference; lastKnownFileType = text.plist.strings; name = es; path = es.lproj/Localizable.strings; sourceTree = "<group>"; };
		DAE3B61519757C800040A799 /* en */ = {isa = PBXFileReference; lastKnownFileType = text.plist.strings; name = en; path = en.lproj/Localizable.strings; sourceTree = "<group>"; };
		DAE4FCD9196A9A26007D683E /* BNRItemCell.swift */ = {isa = PBXFileReference; fileEncoding = 4; lastKnownFileType = sourcecode.swift; path = BNRItemCell.swift; sourceTree = "<group>"; };
		DAE4FCDD196ABC38007D683E /* BNRImageViewController.swift */ = {isa = PBXFileReference; fileEncoding = 4; lastKnownFileType = sourcecode.swift; path = BNRImageViewController.swift; sourceTree = "<group>"; };
/* End PBXFileReference section */

/* Begin PBXFrameworksBuildPhase section */
		DA2E3B4A195BEB0C00F70B2E /* Frameworks */ = {
			isa = PBXFrameworksBuildPhase;
			buildActionMask = 2147483647;
			files = (
			);
			runOnlyForDeploymentPostprocessing = 0;
		};
		DA2E3B57195BEB0C00F70B2E /* Frameworks */ = {
			isa = PBXFrameworksBuildPhase;
			buildActionMask = 2147483647;
			files = (
			);
			runOnlyForDeploymentPostprocessing = 0;
		};
/* End PBXFrameworksBuildPhase section */

/* Begin PBXGroup section */
		DA2E3B44195BEB0C00F70B2E = {
			isa = PBXGroup;
			children = (
				DA2E3B4F195BEB0C00F70B2E /* BNRHomepwner */,
				DA2E3B5D195BEB0C00F70B2E /* BNRHomepwnerTests */,
				DA2E3B4E195BEB0C00F70B2E /* Products */,
			);
			sourceTree = "<group>";
		};
		DA2E3B4E195BEB0C00F70B2E /* Products */ = {
			isa = PBXGroup;
			children = (
				DA2E3B4D195BEB0C00F70B2E /* BNRHomepwner.app */,
				DA2E3B5A195BEB0C00F70B2E /* BNRHomepwnerTests.xctest */,
			);
			name = Products;
			sourceTree = "<group>";
		};
		DA2E3B4F195BEB0C00F70B2E /* BNRHomepwner */ = {
			isa = PBXGroup;
			children = (
				DA2E3B52195BEB0C00F70B2E /* AppDelegate.swift */,
				DA6E2D931979805100726731 /* Settings.bundle */,
				DAE3B60D19757B5C0040A799 /* Localizable.strings */,
				DAC883D2195EF74B0089FB07 /* DatePickerViewController.swift */,
				DAC883D3195EF74B0089FB07 /* DatePickerViewController.xib */,
				DAC883CE195EC8A80089FB07 /* BNRDetailViewController.swift */,
				DA0E348E197547740030AB5B /* BNRDetailViewController.xib */,
				DA38B7C1196D377C00347764 /* BNRItem.swift */,
				DAE4FCD9196A9A26007D683E /* BNRItemCell.swift */,
				DAE041881974D91A0082F7B7 /* BNRItemCell.xib */,
				DA4E5614196D28FB00ABF439 /* BNRImageTransformer.swift */,
				DA88882A19612BC600CC76EA /* BNRImageStore.swift */,
				DA2E3B72195BF19D00F70B2E /* BNRItemStore.swift */,
				DA1B1358196E7012008F91EA /* BNRAssetTypeViewController.swift */,
				DA2E3B6C195BEC6400F70B2E /* BNRItemsViewController.swift */,
				DA2E3B6D195BEC6400F70B2E /* BNRItemsViewController.xib */,
				DAE4FCDD196ABC38007D683E /* BNRImageViewController.swift */,
				DAB07D801966AF13003D1FEE /* BNRPopoverBackgroundView.swift */,
				DAE276C1196D26BE007792A6 /* Homepwner.xcdatamodeld */,
				DA2E3B54195BEB0C00F70B2E /* Images.xcassets */,
				DA2E3B78195C2AD900F70B2E /* Background@2x.png */,
				DA2E3B79195C2AD900F70B2E /* Background.png */,
				DA38B7C0196D377B00347764 /* BNRHomepwner-Bridging-Header.h */,
				DA2E3B50195BEB0C00F70B2E /* Supporting Files */,
			);
			path = BNRHomepwner;
			sourceTree = "<group>";
		};
		DA2E3B50195BEB0C00F70B2E /* Supporting Files */ = {
			isa = PBXGroup;
			children = (
				DA2E3B51195BEB0C00F70B2E /* Info.plist */,
			);
			name = "Supporting Files";
			sourceTree = "<group>";
		};
		DA2E3B5D195BEB0C00F70B2E /* BNRHomepwnerTests */ = {
			isa = PBXGroup;
			children = (
				DA2E3B60195BEB0C00F70B2E /* BNRHomepwnerTests.swift */,
				DA2E3B5E195BEB0C00F70B2E /* Supporting Files */,
			);
			path = BNRHomepwnerTests;
			sourceTree = "<group>";
		};
		DA2E3B5E195BEB0C00F70B2E /* Supporting Files */ = {
			isa = PBXGroup;
			children = (
				DA2E3B5F195BEB0C00F70B2E /* Info.plist */,
			);
			name = "Supporting Files";
			sourceTree = "<group>";
		};
/* End PBXGroup section */

/* Begin PBXNativeTarget section */
		DA2E3B4C195BEB0C00F70B2E /* BNRHomepwner */ = {
			isa = PBXNativeTarget;
			buildConfigurationList = DA2E3B64195BEB0C00F70B2E /* Build configuration list for PBXNativeTarget "BNRHomepwner" */;
			buildPhases = (
				DA2E3B49195BEB0C00F70B2E /* Sources */,
				DA2E3B4A195BEB0C00F70B2E /* Frameworks */,
				DA2E3B4B195BEB0C00F70B2E /* Resources */,
			);
			buildRules = (
			);
			dependencies = (
			);
			name = BNRHomepwner;
			productName = BNRHomepwner;
			productReference = DA2E3B4D195BEB0C00F70B2E /* BNRHomepwner.app */;
			productType = "com.apple.product-type.application";
		};
		DA2E3B59195BEB0C00F70B2E /* BNRHomepwnerTests */ = {
			isa = PBXNativeTarget;
			buildConfigurationList = DA2E3B67195BEB0C00F70B2E /* Build configuration list for PBXNativeTarget "BNRHomepwnerTests" */;
			buildPhases = (
				DA2E3B56195BEB0C00F70B2E /* Sources */,
				DA2E3B57195BEB0C00F70B2E /* Frameworks */,
				DA2E3B58195BEB0C00F70B2E /* Resources */,
			);
			buildRules = (
			);
			dependencies = (
				DA2E3B5C195BEB0C00F70B2E /* PBXTargetDependency */,
			);
			name = BNRHomepwnerTests;
			productName = BNRHomepwnerTests;
			productReference = DA2E3B5A195BEB0C00F70B2E /* BNRHomepwnerTests.xctest */;
			productType = "com.apple.product-type.bundle.unit-test";
		};
/* End PBXNativeTarget section */

/* Begin PBXProject section */
		DA2E3B45195BEB0C00F70B2E /* Project object */ = {
			isa = PBXProject;
			attributes = {
				LastUpgradeCheck = 0600;
				ORGANIZATIONNAME = "Paul Yu";
				TargetAttributes = {
					DA2E3B4C195BEB0C00F70B2E = {
						CreatedOnToolsVersion = 6.0;
					};
					DA2E3B59195BEB0C00F70B2E = {
						CreatedOnToolsVersion = 6.0;
						TestTargetID = DA2E3B4C195BEB0C00F70B2E;
					};
				};
			};
			buildConfigurationList = DA2E3B48195BEB0C00F70B2E /* Build configuration list for PBXProject "BNRHomepwner" */;
			compatibilityVersion = "Xcode 3.2";
			developmentRegion = English;
			hasScannedForEncodings = 0;
			knownRegions = (
				Base,
				es,
				en,
			);
			mainGroup = DA2E3B44195BEB0C00F70B2E;
			productRefGroup = DA2E3B4E195BEB0C00F70B2E /* Products */;
			projectDirPath = "";
			projectRoot = "";
			targets = (
				DA2E3B4C195BEB0C00F70B2E /* BNRHomepwner */,
				DA2E3B59195BEB0C00F70B2E /* BNRHomepwnerTests */,
			);
		};
/* End PBXProject section */

/* Begin PBXResourcesBuildPhase section */
		DA2E3B4B195BEB0C00F70B2E /* Resources */ = {
			isa = PBXResourcesBuildPhase;
			buildActionMask = 2147483647;
			files = (
				DAC883D5195EF74B0089FB07 /* DatePickerViewController.xib in Resources */,
				DA2E3B7A195C2AD900F70B2E /* Background@2x.png in Resources */,
				DA0E3490197547740030AB5B /* BNRDetailViewController.xib in Resources */,
				DA2E3B7B195C2AD900F70B2E /* Background.png in Resources */,
				DA2E3B6F195BEC6400F70B2E /* BNRItemsViewController.xib in Resources */,
				DAE3B60F19757B5C0040A799 /* Localizable.strings in Resources */,
				DAE041891974D91A0082F7B7 /* BNRItemCell.xib in Resources */,
				DA6E2D941979805100726731 /* Settings.bundle in Resources */,
				DA2E3B55195BEB0C00F70B2E /* Images.xcassets in Resources */,
			);
			runOnlyForDeploymentPostprocessing = 0;
		};
		DA2E3B58195BEB0C00F70B2E /* Resources */ = {
			isa = PBXResourcesBuildPhase;
			buildActionMask = 2147483647;
			files = (
			);
			runOnlyForDeploymentPostprocessing = 0;
		};
/* End PBXResourcesBuildPhase section */

/* Begin PBXSourcesBuildPhase section */
		DA2E3B49195BEB0C00F70B2E /* Sources */ = {
			isa = PBXSourcesBuildPhase;
			buildActionMask = 2147483647;
			files = (
				DA4E5615196D28FB00ABF439 /* BNRImageTransformer.swift in Sources */,
				DA38B7C2196D377C00347764 /* BNRItem.swift in Sources */,
				DAE4FCDB196A9A26007D683E /* BNRItemCell.swift in Sources */,
				DA2E3B6E195BEC6400F70B2E /* BNRItemsViewController.swift in Sources */,
				DAB07D811966AF13003D1FEE /* BNRPopoverBackgroundView.swift in Sources */,
				DAE4FCDE196ABC38007D683E /* BNRImageViewController.swift in Sources */,
				DAC883D0195EC8A80089FB07 /* BNRDetailViewController.swift in Sources */,
				DAE276C3196D26BE007792A6 /* Homepwner.xcdatamodeld in Sources */,
				DA1B1359196E7012008F91EA /* BNRAssetTypeViewController.swift in Sources */,
				DAC883D4195EF74B0089FB07 /* DatePickerViewController.swift in Sources */,
				DA2E3B53195BEB0C00F70B2E /* AppDelegate.swift in Sources */,
				DA2E3B73195BF19D00F70B2E /* BNRItemStore.swift in Sources */,
				DA88882B19612BC600CC76EA /* BNRImageStore.swift in Sources */,
			);
			runOnlyForDeploymentPostprocessing = 0;
		};
		DA2E3B56195BEB0C00F70B2E /* Sources */ = {
			isa = PBXSourcesBuildPhase;
			buildActionMask = 2147483647;
			files = (
				DA2E3B61195BEB0C00F70B2E /* BNRHomepwnerTests.swift in Sources */,
			);
			runOnlyForDeploymentPostprocessing = 0;
		};
/* End PBXSourcesBuildPhase section */

/* Begin PBXTargetDependency section */
		DA2E3B5C195BEB0C00F70B2E /* PBXTargetDependency */ = {
			isa = PBXTargetDependency;
			target = DA2E3B4C195BEB0C00F70B2E /* BNRHomepwner */;
			targetProxy = DA2E3B5B195BEB0C00F70B2E /* PBXContainerItemProxy */;
		};
/* End PBXTargetDependency section */

/* Begin PBXVariantGroup section */
		DA0E348E197547740030AB5B /* BNRDetailViewController.xib */ = {
			isa = PBXVariantGroup;
			children = (
				DAC08AAC1975860300C9A515 /* es */,
				DAC08AAD1975860300C9A515 /* en */,
			);
			name = BNRDetailViewController.xib;
			sourceTree = "<group>";
		};
		DAE3B60D19757B5C0040A799 /* Localizable.strings */ = {
			isa = PBXVariantGroup;
			children = (
				DAE3B60E19757B5C0040A799 /* Base */,
				DAE3B61319757C600040A799 /* es */,
				DAE3B61519757C800040A799 /* en */,
			);
			name = Localizable.strings;
			sourceTree = "<group>";
		};
/* End PBXVariantGroup section */

/* Begin XCBuildConfiguration section */
		DA2E3B62195BEB0C00F70B2E /* Debug */ = {
			isa = XCBuildConfiguration;
			buildSettings = {
				ALWAYS_SEARCH_USER_PATHS = NO;
				CLANG_CXX_LANGUAGE_STANDARD = "gnu++0x";
				CLANG_CXX_LIBRARY = "libc++";
				CLANG_ENABLE_MODULES = YES;
				CLANG_ENABLE_OBJC_ARC = YES;
				CLANG_WARN_BOOL_CONVERSION = YES;
				CLANG_WARN_CONSTANT_CONVERSION = YES;
				CLANG_WARN_DIRECT_OBJC_ISA_USAGE = YES_ERROR;
				CLANG_WARN_EMPTY_BODY = YES;
				CLANG_WARN_ENUM_CONVERSION = YES;
				CLANG_WARN_INT_CONVERSION = YES;
				CLANG_WARN_OBJC_ROOT_CLASS = YES_ERROR;
				CLANG_WARN_UNREACHABLE_CODE = YES;
				CLANG_WARN__DUPLICATE_METHOD_MATCH = YES;
				"CODE_SIGN_IDENTITY[sdk=iphoneos*]" = "iPhone Developer";
				COPY_PHASE_STRIP = NO;
				ENABLE_STRICT_OBJC_MSGSEND = YES;
				GCC_C_LANGUAGE_STANDARD = gnu99;
				GCC_DYNAMIC_NO_PIC = NO;
				GCC_OPTIMIZATION_LEVEL = 0;
				GCC_PREPROCESSOR_DEFINITIONS = (
					"DEBUG=1",
					"$(inherited)",
				);
				GCC_SYMBOLS_PRIVATE_EXTERN = NO;
				GCC_WARN_64_TO_32_BIT_CONVERSION = YES;
				GCC_WARN_ABOUT_RETURN_TYPE = YES_ERROR;
				GCC_WARN_UNDECLARED_SELECTOR = YES;
				GCC_WARN_UNINITIALIZED_AUTOS = YES_AGGRESSIVE;
				GCC_WARN_UNUSED_FUNCTION = YES;
				GCC_WARN_UNUSED_VARIABLE = YES;
				IPHONEOS_DEPLOYMENT_TARGET = 8.0;
				METAL_ENABLE_DEBUG_INFO = YES;
				ONLY_ACTIVE_ARCH = YES;
				SDKROOT = iphoneos;
				SWIFT_OPTIMIZATION_LEVEL = "-Onone";
				TARGETED_DEVICE_FAMILY = "1,2";
			};
			name = Debug;
		};
		DA2E3B63195BEB0C00F70B2E /* Release */ = {
			isa = XCBuildConfiguration;
			buildSettings = {
				ALWAYS_SEARCH_USER_PATHS = NO;
				CLANG_CXX_LANGUAGE_STANDARD = "gnu++0x";
				CLANG_CXX_LIBRARY = "libc++";
				CLANG_ENABLE_MODULES = YES;
				CLANG_ENABLE_OBJC_ARC = YES;
				CLANG_WARN_BOOL_CONVERSION = YES;
				CLANG_WARN_CONSTANT_CONVERSION = YES;
				CLANG_WARN_DIRECT_OBJC_ISA_USAGE = YES_ERROR;
				CLANG_WARN_EMPTY_BODY = YES;
				CLANG_WARN_ENUM_CONVERSION = YES;
				CLANG_WARN_INT_CONVERSION = YES;
				CLANG_WARN_OBJC_ROOT_CLASS = YES_ERROR;
				CLANG_WARN_UNREACHABLE_CODE = YES;
				CLANG_WARN__DUPLICATE_METHOD_MATCH = YES;
				"CODE_SIGN_IDENTITY[sdk=iphoneos*]" = "iPhone Developer";
				COPY_PHASE_STRIP = YES;
				ENABLE_NS_ASSERTIONS = NO;
				ENABLE_STRICT_OBJC_MSGSEND = YES;
				GCC_C_LANGUAGE_STANDARD = gnu99;
				GCC_WARN_64_TO_32_BIT_CONVERSION = YES;
				GCC_WARN_ABOUT_RETURN_TYPE = YES_ERROR;
				GCC_WARN_UNDECLARED_SELECTOR = YES;
				GCC_WARN_UNINITIALIZED_AUTOS = YES_AGGRESSIVE;
				GCC_WARN_UNUSED_FUNCTION = YES;
				GCC_WARN_UNUSED_VARIABLE = YES;
				IPHONEOS_DEPLOYMENT_TARGET = 8.0;
				METAL_ENABLE_DEBUG_INFO = NO;
				SDKROOT = iphoneos;
				TARGETED_DEVICE_FAMILY = "1,2";
				VALIDATE_PRODUCT = YES;
			};
			name = Release;
		};
		DA2E3B65195BEB0C00F70B2E /* Debug */ = {
			isa = XCBuildConfiguration;
			buildSettings = {
				ASSETCATALOG_COMPILER_APPICON_NAME = AppIcon;
				ASSETCATALOG_COMPILER_LAUNCHIMAGE_NAME = LaunchImage;
				CLANG_ENABLE_MODULES = YES;
				INFOPLIST_FILE = BNRHomepwner/Info.plist;
				IPHONEOS_DEPLOYMENT_TARGET = 7.0;
				LD_RUNPATH_SEARCH_PATHS = "$(inherited) @executable_path/Frameworks";
				PRODUCT_NAME = "$(TARGET_NAME)";
				SWIFT_OBJC_BRIDGING_HEADER = "BNRHomepwner-Bridging-Header.h";
				SWIFT_OPTIMIZATION_LEVEL = "-Onone";
			};
			name = Debug;
		};
		DA2E3B66195BEB0C00F70B2E /* Release */ = {
			isa = XCBuildConfiguration;
			buildSettings = {
				ASSETCATALOG_COMPILER_APPICON_NAME = AppIcon;
				ASSETCATALOG_COMPILER_LAUNCHIMAGE_NAME = LaunchImage;
				CLANG_ENABLE_MODULES = YES;
				INFOPLIST_FILE = BNRHomepwner/Info.plist;
				IPHONEOS_DEPLOYMENT_TARGET = 7.0;
				LD_RUNPATH_SEARCH_PATHS = "$(inherited) @executable_path/Frameworks";
				PRODUCT_NAME = "$(TARGET_NAME)";
				SWIFT_OBJC_BRIDGING_HEADER = "BNRHomepwner-Bridging-Header.h";
			};
			name = Release;
		};
		DA2E3B68195BEB0C00F70B2E /* Debug */ = {
			isa = XCBuildConfiguration;
			buildSettings = {
				BUNDLE_LOADER = "$(BUILT_PRODUCTS_DIR)/BNRHomepwner.app/BNRHomepwner";
				FRAMEWORK_SEARCH_PATHS = (
					"$(SDKROOT)/Developer/Library/Frameworks",
					"$(inherited)",
				);
				GCC_PREPROCESSOR_DEFINITIONS = (
					"DEBUG=1",
					"$(inherited)",
				);
				INFOPLIST_FILE = BNRHomepwnerTests/Info.plist;
				LD_RUNPATH_SEARCH_PATHS = "$(inherited) @executable_path/Frameworks @loader_path/Frameworks";
				METAL_ENABLE_DEBUG_INFO = YES;
				PRODUCT_NAME = "$(TARGET_NAME)";
				TEST_HOST = "$(BUNDLE_LOADER)";
			};
			name = Debug;
		};
		DA2E3B69195BEB0C00F70B2E /* Release */ = {
			isa = XCBuildConfiguration;
			buildSettings = {
				BUNDLE_LOADER = "$(BUILT_PRODUCTS_DIR)/BNRHomepwner.app/BNRHomepwner";
				FRAMEWORK_SEARCH_PATHS = (
					"$(SDKROOT)/Developer/Library/Frameworks",
					"$(inherited)",
				);
				INFOPLIST_FILE = BNRHomepwnerTests/Info.plist;
				LD_RUNPATH_SEARCH_PATHS = "$(inherited) @executable_path/Frameworks @loader_path/Frameworks";
				METAL_ENABLE_DEBUG_INFO = NO;
				PRODUCT_NAME = "$(TARGET_NAME)";
				TEST_HOST = "$(BUNDLE_LOADER)";
			};
			name = Release;
		};
/* End XCBuildConfiguration section */

/* Begin XCConfigurationList section */
		DA2E3B48195BEB0C00F70B2E /* Build configuration list for PBXProject "BNRHomepwner" */ = {
			isa = XCConfigurationList;
			buildConfigurations = (
				DA2E3B62195BEB0C00F70B2E /* Debug */,
				DA2E3B63195BEB0C00F70B2E /* Release */,
			);
			defaultConfigurationIsVisible = 0;
			defaultConfigurationName = Release;
		};
		DA2E3B64195BEB0C00F70B2E /* Build configuration list for PBXNativeTarget "BNRHomepwner" */ = {
			isa = XCConfigurationList;
			buildConfigurations = (
				DA2E3B65195BEB0C00F70B2E /* Debug */,
				DA2E3B66195BEB0C00F70B2E /* Release */,
			);
			defaultConfigurationIsVisible = 0;
			defaultConfigurationName = Release;
		};
		DA2E3B67195BEB0C00F70B2E /* Build configuration list for PBXNativeTarget "BNRHomepwnerTests" */ = {
			isa = XCConfigurationList;
			buildConfigurations = (
				DA2E3B68195BEB0C00F70B2E /* Debug */,
				DA2E3B69195BEB0C00F70B2E /* Release */,
			);
			defaultConfigurationIsVisible = 0;
			defaultConfigurationName = Release;
		};
/* End XCConfigurationList section */

/* Begin XCVersionGroup section */
		DAE276C1196D26BE007792A6 /* Homepwner.xcdatamodeld */ = {
			isa = XCVersionGroup;
			children = (
				DAE276C2196D26BE007792A6 /* Homepwner.xcdatamodel */,
			);
			currentVersion = DAE276C2196D26BE007792A6 /* Homepwner.xcdatamodel */;
			path = Homepwner.xcdatamodeld;
			sourceTree = "<group>";
			versionGroupType = wrapper.xcdatamodel;
		};
/* End XCVersionGroup section */
	};
	rootObject = DA2E3B45195BEB0C00F70B2E /* Project object */;
}
